
Microsoft Visual Studio Solution File, Format Version 12.00
# Visual Studio 14
VisualStudioVersion = 14.0.23107.0
MinimumVisualStudioVersion = 10.0.40219.1
Project("{FAE04EC0-301F-11D3-BF4B-00C04F79EFBC}") = "WebApiDocker", "WebApiDocker\WebApiDocker.csproj", "{AD44783C-041F-479C-A29D-057D5F717353}"
EndProject
Project("{2150E333-8FDC-42A3-9474-1A3956D46DE8}") = "Solution Items", "Solution Items", "{6AFDAD9E-13D6-4CDF-B909-859F6F3A6DBD}"
	ProjectSection(SolutionItems) = preProject
		README.md = README.md
	EndProjectSection
EndProject
Global
	GlobalSection(SolutionConfigurationPlatforms) = preSolution
		Debug|Any CPU = Debug|Any CPU
		Release|Any CPU = Release|Any CPU
	EndGlobalSection
	GlobalSection(ProjectConfigurationPlatforms) = postSolution
		{AD44783C-041F-479C-A29D-057D5F717353}.Debug|Any CPU.ActiveCfg = Debug|Any CPU
		{AD44783C-041F-479C-A29D-057D5F717353}.Debug|Any CPU.Build.0 = Debug|Any CPU
		{AD44783C-041F-479C-A29D-057D5F717353}.Release|Any CPU.ActiveCfg = Release|Any CPU
		{AD44783C-041F-479C-A29D-057D5F717353}.Release|Any CPU.Build.0 = Release|Any CPU
	EndGlobalSection
	GlobalSection(SolutionProperties) = preSolution
		HideSolutionNode = FALSE
	EndGlobalSection
EndGlobal
